{
  "name": "airules",
  "lockfileVersion": 3,
  "requires": true,
  "packages": {
    "": {
      "name": "airules",
      "workspaces": [
        "client",
        "server"
      ],
      "engines": {
        "node": ">=18"
      }
    },
    "client": {
      "name": "airules-client",
      "version": "0.0.0"
    },
    "node_modules/airules-client": {
      "resolved": "client",
      "link": true
    },
    "node_modules/airules-server": {
      "resolved": "server",
      "link": true
    },
    "server": {
      "name": "airules-server",
      "version": "0.0.0"
    }
  }
}
